
Microsoft Visual Studio Solution File, Format Version 12.00
# Visual Studio 15
VisualStudioVersion = 15.0.28307.271
MinimumVisualStudioVersion = 10.0.40219.1
Project("{FAE04EC0-301F-11D3-BF4B-00C04F79EFBC}") = "Ropey DVDs", "Ropey DVDs\Ropey DVDs.csproj", "{879ECAE6-A027-4E3D-836C-CDE58727B9EB}"
EndProject
Global
	GlobalSection(SolutionConfigurationPlatforms) = preSolution
		Debug|Any CPU = Debug|Any CPU
		Release|Any CPU = Release|Any CPU
	EndGlobalSection
	GlobalSection(ProjectConfigurationPlatforms) = postSolution
		{879ECAE6-A027-4E3D-836C-CDE58727B9EB}.Debug|Any CPU.ActiveCfg = Debug|Any CPU
		{879ECAE6-A027-4E3D-836C-CDE58727B9EB}.Debug|Any CPU.Build.0 = Debug|Any CPU
		{879ECAE6-A027-4E3D-836C-CDE58727B9EB}.Release|Any CPU.ActiveCfg = Release|Any CPU
		{879ECAE6-A027-4E3D-836C-CDE58727B9EB}.Release|Any CPU.Build.0 = Release|Any CPU
	EndGlobalSection
	GlobalSection(SolutionProperties) = preSolution
		HideSolutionNode = FALSE
	EndGlobalSection
	GlobalSection(ExtensibilityGlobals) = postSolution
		SolutionGuid = {99EB4B22-AF53-4127-8CCF-6CDB7634894B}
	EndGlobalSection
EndGlobal
